
Microsoft Visual Studio Solution File, Format Version 12.00
# Visual Studio Version 16
VisualStudioVersion = 16.0.31624.102
MinimumVisualStudioVersion = 10.0.40219.1
Project("{FAE04EC0-301F-11D3-BF4B-00C04F79EFBC}") = "MyEveryDay", "MyEveryDay\MyEveryDay.csproj", "{0C871450-C486-4AE1-9D36-8D154B13CA4D}"
EndProject
Project("{FAE04EC0-301F-11D3-BF4B-00C04F79EFBC}") = "MyEveryDay.WPF", "MyEveryDay.WPF\MyEveryDay.WPF.csproj", "{185DC1D6-DABB-467D-B387-B701C741D975}"
EndProject
Global
	GlobalSection(SolutionConfigurationPlatforms) = preSolution
		Debug|Any CPU = Debug|Any CPU
		Release|Any CPU = Release|Any CPU
	EndGlobalSection
	GlobalSection(ProjectConfigurationPlatforms) = postSolution
		{0C871450-C486-4AE1-9D36-8D154B13CA4D}.Debug|Any CPU.ActiveCfg = Debug|Any CPU
		{0C871450-C486-4AE1-9D36-8D154B13CA4D}.Debug|Any CPU.Build.0 = Debug|Any CPU
		{0C871450-C486-4AE1-9D36-8D154B13CA4D}.Release|Any CPU.ActiveCfg = Release|Any CPU
		{0C871450-C486-4AE1-9D36-8D154B13CA4D}.Release|Any CPU.Build.0 = Release|Any CPU
		{185DC1D6-DABB-467D-B387-B701C741D975}.Debug|Any CPU.ActiveCfg = Debug|Any CPU
		{185DC1D6-DABB-467D-B387-B701C741D975}.Debug|Any CPU.Build.0 = Debug|Any CPU
		{185DC1D6-DABB-467D-B387-B701C741D975}.Release|Any CPU.ActiveCfg = Release|Any CPU
		{185DC1D6-DABB-467D-B387-B701C741D975}.Release|Any CPU.Build.0 = Release|Any CPU
	EndGlobalSection
	GlobalSection(SolutionProperties) = preSolution
		HideSolutionNode = FALSE
	EndGlobalSection
	GlobalSection(ExtensibilityGlobals) = postSolution
		SolutionGuid = {FF7FD42C-9493-4AB8-AA0C-22CBD0C8E67B}
	EndGlobalSection
EndGlobal
